// !$*UTF8*$!
{
	archiveVersion = 1;
	classes = {
	};
	objectVersion = 50;
	objects = {

/* Begin PBXBuildFile section */
		520F389721229A890081B956 /* AppDelegate.swift in Sources */ = {isa = PBXBuildFile; fileRef = 520F389621229A890081B956 /* AppDelegate.swift */; };
		520F389C21229A890081B956 /* Main.storyboard in Resources */ = {isa = PBXBuildFile; fileRef = 520F389A21229A890081B956 /* Main.storyboard */; };
		520F389E21229A8A0081B956 /* Assets.xcassets in Resources */ = {isa = PBXBuildFile; fileRef = 520F389D21229A8A0081B956 /* Assets.xcassets */; };
		520F38A121229A8A0081B956 /* LaunchScreen.storyboard in Resources */ = {isa = PBXBuildFile; fileRef = 520F389F21229A8A0081B956 /* LaunchScreen.storyboard */; };
		520F38A921229AA60081B956 /* README.md in Resources */ = {isa = PBXBuildFile; fileRef = 520F38A821229AA60081B956 /* README.md */; };
		520F38DD21229C990081B956 /* UIViewExtensions.swift in Sources */ = {isa = PBXBuildFile; fileRef = 520F38C021229C990081B956 /* UIViewExtensions.swift */; };
		520F38E921229CA10081B956 /* README.md in Resources */ = {isa = PBXBuildFile; fileRef = 520F38E821229CA10081B956 /* README.md */; };
		520F38EF21229FDA0081B956 /* AutoLayoutController.swift in Sources */ = {isa = PBXBuildFile; fileRef = 520F38EE21229FDA0081B956 /* AutoLayoutController.swift */; };
		52ED72292124F5E800D41AAE /* UITableViewExtension.swift in Sources */ = {isa = PBXBuildFile; fileRef = 52ED72282124F5E800D41AAE /* UITableViewExtension.swift */; };
		52ED722B2124F63200D41AAE /* CGFloatExtensions.swift in Sources */ = {isa = PBXBuildFile; fileRef = 52ED722A2124F63200D41AAE /* CGFloatExtensions.swift */; };
		52ED722D2124F66A00D41AAE /* NSObjectExtensions.swift in Sources */ = {isa = PBXBuildFile; fileRef = 52ED722C2124F66A00D41AAE /* NSObjectExtensions.swift */; };
/* End PBXBuildFile section */

/* Begin PBXFileReference section */
		520F389321229A890081B956 /* Test.app */ = {isa = PBXFileReference; explicitFileType = wrapper.application; includeInIndex = 0; path = Test.app; sourceTree = BUILT_PRODUCTS_DIR; };
		520F389621229A890081B956 /* AppDelegate.swift */ = {isa = PBXFileReference; lastKnownFileType = sourcecode.swift; path = AppDelegate.swift; sourceTree = "<group>"; };
		520F389B21229A890081B956 /* Base */ = {isa = PBXFileReference; lastKnownFileType = file.storyboard; name = Base; path = Base.lproj/Main.storyboard; sourceTree = "<group>"; };
		520F389D21229A8A0081B956 /* Assets.xcassets */ = {isa = PBXFileReference; lastKnownFileType = folder.assetcatalog; path = Assets.xcassets; sourceTree = "<group>"; };
		520F38A021229A8A0081B956 /* Base */ = {isa = PBXFileReference; lastKnownFileType = file.storyboard; name = Base; path = Base.lproj/LaunchScreen.storyboard; sourceTree = "<group>"; };
		520F38A221229A8A0081B956 /* Info.plist */ = {isa = PBXFileReference; lastKnownFileType = text.plist.xml; path = Info.plist; sourceTree = "<group>"; };
		520F38A821229AA60081B956 /* README.md */ = {isa = PBXFileReference; fileEncoding = 4; lastKnownFileType = net.daringfireball.markdown; path = README.md; sourceTree = "<group>"; };
		520F38C021229C990081B956 /* UIViewExtensions.swift */ = {isa = PBXFileReference; fileEncoding = 4; lastKnownFileType = sourcecode.swift; path = UIViewExtensions.swift; sourceTree = "<group>"; };
		520F38E821229CA10081B956 /* README.md */ = {isa = PBXFileReference; fileEncoding = 4; lastKnownFileType = net.daringfireball.markdown; path = README.md; sourceTree = "<group>"; };
		520F38EE21229FDA0081B956 /* AutoLayoutController.swift */ = {isa = PBXFileReference; lastKnownFileType = sourcecode.swift; path = AutoLayoutController.swift; sourceTree = "<group>"; };
		52ED72282124F5E800D41AAE /* UITableViewExtension.swift */ = {isa = PBXFileReference; fileEncoding = 4; lastKnownFileType = sourcecode.swift; path = UITableViewExtension.swift; sourceTree = "<group>"; };
		52ED722A2124F63200D41AAE /* CGFloatExtensions.swift */ = {isa = PBXFileReference; fileEncoding = 4; lastKnownFileType = sourcecode.swift; path = CGFloatExtensions.swift; sourceTree = "<group>"; };
		52ED722C2124F66A00D41AAE /* NSObjectExtensions.swift */ = {isa = PBXFileReference; fileEncoding = 4; lastKnownFileType = sourcecode.swift; path = NSObjectExtensions.swift; sourceTree = "<group>"; };
/* End PBXFileReference section */

/* Begin PBXFrameworksBuildPhase section */
		520F389021229A890081B956 /* Frameworks */ = {
			isa = PBXFrameworksBuildPhase;
			buildActionMask = 2147483647;
			files = (
			);
			runOnlyForDeploymentPostprocessing = 0;
		};
/* End PBXFrameworksBuildPhase section */

/* Begin PBXGroup section */
		520F388A21229A890081B956 = {
			isa = PBXGroup;
			children = (
				520F38E821229CA10081B956 /* README.md */,
				520F38AA21229AAF0081B956 /* Class */,
				520F38A821229AA60081B956 /* README.md */,
				520F389521229A890081B956 /* Test */,
				520F389421229A890081B956 /* Products */,
			);
			sourceTree = "<group>";
		};
		520F389421229A890081B956 /* Products */ = {
			isa = PBXGroup;
			children = (
				520F389321229A890081B956 /* Test.app */,
			);
			name = Products;
			sourceTree = "<group>";
		};
		520F389521229A890081B956 /* Test */ = {
			isa = PBXGroup;
			children = (
				520F389621229A890081B956 /* AppDelegate.swift */,
				520F38EE21229FDA0081B956 /* AutoLayoutController.swift */,
				520F389A21229A890081B956 /* Main.storyboard */,
				520F389D21229A8A0081B956 /* Assets.xcassets */,
				520F389F21229A8A0081B956 /* LaunchScreen.storyboard */,
				520F38A221229A8A0081B956 /* Info.plist */,
			);
			path = Test;
			sourceTree = "<group>";
		};
		520F38AA21229AAF0081B956 /* Class */ = {
			isa = PBXGroup;
			children = (
				520F38C021229C990081B956 /* UIViewExtensions.swift */,
				52ED722C2124F66A00D41AAE /* NSObjectExtensions.swift */,
				52ED722A2124F63200D41AAE /* CGFloatExtensions.swift */,
				52ED72282124F5E800D41AAE /* UITableViewExtension.swift */,
			);
			path = Class;
			sourceTree = "<group>";
		};
/* End PBXGroup section */

/* Begin PBXNativeTarget section */
		520F389221229A890081B956 /* Test */ = {
			isa = PBXNativeTarget;
			buildConfigurationList = 520F38A521229A8A0081B956 /* Build configuration list for PBXNativeTarget "Test" */;
			buildPhases = (
				520F388F21229A890081B956 /* Sources */,
				520F389021229A890081B956 /* Frameworks */,
				520F389121229A890081B956 /* Resources */,
			);
			buildRules = (
			);
			dependencies = (
			);
			name = Test;
			productName = Test;
			productReference = 520F389321229A890081B956 /* Test.app */;
			productType = "com.apple.product-type.application";
		};
/* End PBXNativeTarget section */

/* Begin PBXProject section */
		520F388B21229A890081B956 /* Project object */ = {
			isa = PBXProject;
			attributes = {
				LastSwiftUpdateCheck = 0940;
				LastUpgradeCheck = 0940;
				ORGANIZATIONNAME = pkh;
				TargetAttributes = {
					520F389221229A890081B956 = {
						CreatedOnToolsVersion = 9.4.1;
					};
				};
			};
			buildConfigurationList = 520F388E21229A890081B956 /* Build configuration list for PBXProject "Test" */;
			compatibilityVersion = "Xcode 9.3";
			developmentRegion = en;
			hasScannedForEncodings = 0;
			knownRegions = (
				en,
				Base,
			);
			mainGroup = 520F388A21229A890081B956;
			productRefGroup = 520F389421229A890081B956 /* Products */;
			projectDirPath = "";
			projectRoot = "";
			targets = (
				520F389221229A890081B956 /* Test */,
			);
		};
/* End PBXProject section */

/* Begin PBXResourcesBuildPhase section */
		520F389121229A890081B956 /* Resources */ = {
			isa = PBXResourcesBuildPhase;
			buildActionMask = 2147483647;
			files = (
				520F38A121229A8A0081B956 /* LaunchScreen.storyboard in Resources */,
				520F389E21229A8A0081B956 /* Assets.xcassets in Resources */,
				520F38E921229CA10081B956 /* README.md in Resources */,
				520F38A921229AA60081B956 /* README.md in Resources */,
				520F389C21229A890081B956 /* Main.storyboard in Resources */,
			);
			runOnlyForDeploymentPostprocessing = 0;
		};
/* End PBXResourcesBuildPhase section */

/* Begin PBXSourcesBuildPhase section */
		520F388F21229A890081B956 /* Sources */ = {
			isa = PBXSourcesBuildPhase;
			buildActionMask = 2147483647;
			files = (
				52ED72292124F5E800D41AAE /* UITableViewExtension.swift in Sources */,
				52ED722B2124F63200D41AAE /* CGFloatExtensions.swift in Sources */,
				520F38DD21229C990081B956 /* UIViewExtensions.swift in Sources */,
				52ED722D2124F66A00D41AAE /* NSObjectExtensions.swift in Sources */,
				520F38EF21229FDA0081B956 /* AutoLayoutController.swift in Sources */,
				520F389721229A890081B956 /* AppDelegate.swift in Sources */,
			);
			runOnlyForDeploymentPostprocessing = 0;
		};
/* End PBXSourcesBuildPhase section */

/* Begin PBXVariantGroup section */
		520F389A21229A890081B956 /* Main.storyboard */ = {
			isa = PBXVariantGroup;
			children = (
				520F389B21229A890081B956 /* Base */,
			);
			name = Main.storyboard;
			sourceTree = "<group>";
		};
		520F389F21229A8A0081B956 /* LaunchScreen.storyboard */ = {
			isa = PBXVariantGroup;
			children = (
				520F38A021229A8A0081B956 /* Base */,
			);
			name = LaunchScreen.storyboard;
			sourceTree = "<group>";
		};
/* End PBXVariantGroup section */

/* Begin XCBuildConfiguration section */
		520F38A321229A8A0081B956 /* Debug */ = {
			isa = XCBuildConfiguration;
			buildSettings = {
				ALWAYS_SEARCH_USER_PATHS = NO;
				CLANG_ANALYZER_NONNULL = YES;
				CLANG_ANALYZER_NUMBER_OBJECT_CONVERSION = YES_AGGRESSIVE;
				CLANG_CXX_LANGUAGE_STANDARD = "gnu++14";
				CLANG_CXX_LIBRARY = "libc++";
				CLANG_ENABLE_MODULES = YES;
				CLANG_ENABLE_OBJC_ARC = YES;
				CLANG_ENABLE_OBJC_WEAK = YES;
				CLANG_WARN_BLOCK_CAPTURE_AUTORELEASING = YES;
				CLANG_WARN_BOOL_CONVERSION = YES;
				CLANG_WARN_COMMA = YES;
				CLANG_WARN_CONSTANT_CONVERSION = YES;
				CLANG_WARN_DEPRECATED_OBJC_IMPLEMENTATIONS = YES;
				CLANG_WARN_DIRECT_OBJC_ISA_USAGE = YES_ERROR;
				CLANG_WARN_DOCUMENTATION_COMMENTS = YES;
				CLANG_WARN_EMPTY_BODY = YES;
				CLANG_WARN_ENUM_CONVERSION = YES;
				CLANG_WARN_INFINITE_RECURSION = YES;
				CLANG_WARN_INT_CONVERSION = YES;
				CLANG_WARN_NON_LITERAL_NULL_CONVERSION = YES;
				CLANG_WARN_OBJC_IMPLICIT_RETAIN_SELF = YES;
				CLANG_WARN_OBJC_LITERAL_CONVERSION = YES;
				CLANG_WARN_OBJC_ROOT_CLASS = YES_ERROR;
				CLANG_WARN_RANGE_LOOP_ANALYSIS = YES;
				CLANG_WARN_STRICT_PROTOTYPES = YES;
				CLANG_WARN_SUSPICIOUS_MOVE = YES;
				CLANG_WARN_UNGUARDED_AVAILABILITY = YES_AGGRESSIVE;
				CLANG_WARN_UNREACHABLE_CODE = YES;
				CLANG_WARN__DUPLICATE_METHOD_MATCH = YES;
				CODE_SIGN_IDENTITY = "iPhone Developer";
				COPY_PHASE_STRIP = NO;
				DEBUG_INFORMATION_FORMAT = dwarf;
				ENABLE_STRICT_OBJC_MSGSEND = YES;
				ENABLE_TESTABILITY = YES;
				GCC_C_LANGUAGE_STANDARD = gnu11;
				GCC_DYNAMIC_NO_PIC = NO;
				GCC_NO_COMMON_BLOCKS = YES;
				GCC_OPTIMIZATION_LEVEL = 0;
				GCC_PREPROCESSOR_DEFINITIONS = (
					"DEBUG=1",
					"$(inherited)",
				);
				GCC_WARN_64_TO_32_BIT_CONVERSION = YES;
				GCC_WARN_ABOUT_RETURN_TYPE = YES_ERROR;
				GCC_WARN_UNDECLARED_SELECTOR = YES;
				GCC_WARN_UNINITIALIZED_AUTOS = YES_AGGRESSIVE;
				GCC_WARN_UNUSED_FUNCTION = YES;
				GCC_WARN_UNUSED_VARIABLE = YES;
				IPHONEOS_DEPLOYMENT_TARGET = 11.4;
				MTL_ENABLE_DEBUG_INFO = YES;
				ONLY_ACTIVE_ARCH = YES;
				SDKROOT = iphoneos;
				SWIFT_ACTIVE_COMPILATION_CONDITIONS = DEBUG;
				SWIFT_OPTIMIZATION_LEVEL = "-Onone";
			};
			name = Debug;
		};
		520F38A421229A8A0081B956 /* Release */ = {
			isa = XCBuildConfiguration;
			buildSettings = {
				ALWAYS_SEARCH_USER_PATHS = NO;
				CLANG_ANALYZER_NONNULL = YES;
				CLANG_ANALYZER_NUMBER_OBJECT_CONVERSION = YES_AGGRESSIVE;
				CLANG_CXX_LANGUAGE_STANDARD = "gnu++14";
				CLANG_CXX_LIBRARY = "libc++";
				CLANG_ENABLE_MODULES = YES;
				CLANG_ENABLE_OBJC_ARC = YES;
				CLANG_ENABLE_OBJC_WEAK = YES;
				CLANG_WARN_BLOCK_CAPTURE_AUTORELEASING = YES;
				CLANG_WARN_BOOL_CONVERSION = YES;
				CLANG_WARN_COMMA = YES;
				CLANG_WARN_CONSTANT_CONVERSION = YES;
				CLANG_WARN_DEPRECATED_OBJC_IMPLEMENTATIONS = YES;
				CLANG_WARN_DIRECT_OBJC_ISA_USAGE = YES_ERROR;
				CLANG_WARN_DOCUMENTATION_COMMENTS = YES;
				CLANG_WARN_EMPTY_BODY = YES;
				CLANG_WARN_ENUM_CONVERSION = YES;
				CLANG_WARN_INFINITE_RECURSION = YES;
				CLANG_WARN_INT_CONVERSION = YES;
				CLANG_WARN_NON_LITERAL_NULL_CONVERSION = YES;
				CLANG_WARN_OBJC_IMPLICIT_RETAIN_SELF = YES;
				CLANG_WARN_OBJC_LITERAL_CONVERSION = YES;
				CLANG_WARN_OBJC_ROOT_CLASS = YES_ERROR;
				CLANG_WARN_RANGE_LOOP_ANALYSIS = YES;
				CLANG_WARN_STRICT_PROTOTYPES = YES;
				CLANG_WARN_SUSPICIOUS_MOVE = YES;
				CLANG_WARN_UNGUARDED_AVAILABILITY = YES_AGGRESSIVE;
				CLANG_WARN_UNREACHABLE_CODE = YES;
				CLANG_WARN__DUPLICATE_METHOD_MATCH = YES;
				CODE_SIGN_IDENTITY = "iPhone Developer";
				COPY_PHASE_STRIP = NO;
				DEBUG_INFORMATION_FORMAT = "dwarf-with-dsym";
				ENABLE_NS_ASSERTIONS = NO;
				ENABLE_STRICT_OBJC_MSGSEND = YES;
				GCC_C_LANGUAGE_STANDARD = gnu11;
				GCC_NO_COMMON_BLOCKS = YES;
				GCC_WARN_64_TO_32_BIT_CONVERSION = YES;
				GCC_WARN_ABOUT_RETURN_TYPE = YES_ERROR;
				GCC_WARN_UNDECLARED_SELECTOR = YES;
				GCC_WARN_UNINITIALIZED_AUTOS = YES_AGGRESSIVE;
				GCC_WARN_UNUSED_FUNCTION = YES;
				GCC_WARN_UNUSED_VARIABLE = YES;
				IPHONEOS_DEPLOYMENT_TARGET = 11.4;
				MTL_ENABLE_DEBUG_INFO = NO;
				SDKROOT = iphoneos;
				SWIFT_COMPILATION_MODE = wholemodule;
				SWIFT_OPTIMIZATION_LEVEL = "-O";
				VALIDATE_PRODUCT = YES;
			};
			name = Release;
		};
		520F38A621229A8A0081B956 /* Debug */ = {
			isa = XCBuildConfiguration;
			buildSettings = {
				ASSETCATALOG_COMPILER_APPICON_NAME = AppIcon;
				CODE_SIGN_STYLE = Automatic;
				INFOPLIST_FILE = Test/Info.plist;
				LD_RUNPATH_SEARCH_PATHS = (
					"$(inherited)",
					"@executable_path/Frameworks",
				);
				PRODUCT_BUNDLE_IDENTIFIER = Test.Test;
				PRODUCT_NAME = "$(TARGET_NAME)";
				SWIFT_VERSION = 4.0;
				TARGETED_DEVICE_FAMILY = "1,2";
			};
			name = Debug;
		};
		520F38A721229A8A0081B956 /* Release */ = {
			isa = XCBuildConfiguration;
			buildSettings = {
				ASSETCATALOG_COMPILER_APPICON_NAME = AppIcon;
				CODE_SIGN_STYLE = Automatic;
				INFOPLIST_FILE = Test/Info.plist;
				LD_RUNPATH_SEARCH_PATHS = (
					"$(inherited)",
					"@executable_path/Frameworks",
				);
				PRODUCT_BUNDLE_IDENTIFIER = Test.Test;
				PRODUCT_NAME = "$(TARGET_NAME)";
				SWIFT_VERSION = 4.0;
				TARGETED_DEVICE_FAMILY = "1,2";
			};
			name = Release;
		};
/* End XCBuildConfiguration section */

/* Begin XCConfigurationList section */
		520F388E21229A890081B956 /* Build configuration list for PBXProject "Test" */ = {
			isa = XCConfigurationList;
			buildConfigurations = (
				520F38A321229A8A0081B956 /* Debug */,
				520F38A421229A8A0081B956 /* Release */,
			);
			defaultConfigurationIsVisible = 0;
			defaultConfigurationName = Release;
		};
		520F38A521229A8A0081B956 /* Build configuration list for PBXNativeTarget "Test" */ = {
			isa = XCConfigurationList;
			buildConfigurations = (
				520F38A621229A8A0081B956 /* Debug */,
				520F38A721229A8A0081B956 /* Release */,
			);
			defaultConfigurationIsVisible = 0;
			defaultConfigurationName = Release;
		};
/* End XCConfigurationList section */
	};
	rootObject = 520F388B21229A890081B956 /* Project object */;
}
